
Microsoft Visual Studio Solution File, Format Version 12.00
# Visual Studio 15
VisualStudioVersion = 15.0.27703.2035
MinimumVisualStudioVersion = 10.0.40219.1
Project("{9A19103F-16F7-4668-BE54-9A1E7A4F7556}") = "WebCoreApp", "WebCoreApp\WebCoreApp.csproj", "{1C08D15C-B0E0-4C17-B7DF-1496C9910CEA}"
EndProject
Global
	GlobalSection(SolutionConfigurationPlatforms) = preSolution
		Debug|Any CPU = Debug|Any CPU
		Release|Any CPU = Release|Any CPU
	EndGlobalSection
	GlobalSection(ProjectConfigurationPlatforms) = postSolution
		{1C08D15C-B0E0-4C17-B7DF-1496C9910CEA}.Debug|Any CPU.ActiveCfg = Debug|Any CPU
		{1C08D15C-B0E0-4C17-B7DF-1496C9910CEA}.Debug|Any CPU.Build.0 = Debug|Any CPU
		{1C08D15C-B0E0-4C17-B7DF-1496C9910CEA}.Release|Any CPU.ActiveCfg = Release|Any CPU
		{1C08D15C-B0E0-4C17-B7DF-1496C9910CEA}.Release|Any CPU.Build.0 = Release|Any CPU
	EndGlobalSection
	GlobalSection(SolutionProperties) = preSolution
		HideSolutionNode = FALSE
	EndGlobalSection
	GlobalSection(ExtensibilityGlobals) = postSolution
		SolutionGuid = {058584BF-B78F-4EF6-B1F5-1CBB2597FD52}
	EndGlobalSection
EndGlobal
