
Microsoft Visual Studio Solution File, Format Version 12.00
# Visual Studio 15
VisualStudioVersion = 15.0.27703.2035
MinimumVisualStudioVersion = 10.0.40219.1
Project("{9A19103F-16F7-4668-BE54-9A1E7A4F7556}") = "DataContext.Drapper", "DataContext.Drapper\DataContext.Drapper.csproj", "{F68DCA41-1C93-44D3-841B-8E1771C31E0A}"
EndProject
Project("{9A19103F-16F7-4668-BE54-9A1E7A4F7556}") = "WebCoreApp.Infrastructure", "Infrastructure\WebCoreApp.Infrastructure.csproj", "{05096432-67A1-4CEF-B234-08FFFF62DF61}"
EndProject
Project("{9A19103F-16F7-4668-BE54-9A1E7A4F7556}") = "DataContext", "DataContext\DataContext.csproj", "{0CD6BC3C-B15D-4098-AF63-6A9A07290CF7}"
EndProject
Project("{9A19103F-16F7-4668-BE54-9A1E7A4F7556}") = "WebCoreApp", "WebCoreApp\WebCoreApp.csproj", "{42FD4963-E248-4238-8471-E9C773CC7990}"
EndProject
Global
	GlobalSection(SolutionConfigurationPlatforms) = preSolution
		Debug|Any CPU = Debug|Any CPU
		Release|Any CPU = Release|Any CPU
	EndGlobalSection
	GlobalSection(ProjectConfigurationPlatforms) = postSolution
		{F68DCA41-1C93-44D3-841B-8E1771C31E0A}.Debug|Any CPU.ActiveCfg = Debug|Any CPU
		{F68DCA41-1C93-44D3-841B-8E1771C31E0A}.Debug|Any CPU.Build.0 = Debug|Any CPU
		{F68DCA41-1C93-44D3-841B-8E1771C31E0A}.Release|Any CPU.ActiveCfg = Release|Any CPU
		{F68DCA41-1C93-44D3-841B-8E1771C31E0A}.Release|Any CPU.Build.0 = Release|Any CPU
		{05096432-67A1-4CEF-B234-08FFFF62DF61}.Debug|Any CPU.ActiveCfg = Debug|Any CPU
		{05096432-67A1-4CEF-B234-08FFFF62DF61}.Debug|Any CPU.Build.0 = Debug|Any CPU
		{05096432-67A1-4CEF-B234-08FFFF62DF61}.Release|Any CPU.ActiveCfg = Release|Any CPU
		{05096432-67A1-4CEF-B234-08FFFF62DF61}.Release|Any CPU.Build.0 = Release|Any CPU
		{0CD6BC3C-B15D-4098-AF63-6A9A07290CF7}.Debug|Any CPU.ActiveCfg = Debug|Any CPU
		{0CD6BC3C-B15D-4098-AF63-6A9A07290CF7}.Debug|Any CPU.Build.0 = Debug|Any CPU
		{0CD6BC3C-B15D-4098-AF63-6A9A07290CF7}.Release|Any CPU.ActiveCfg = Release|Any CPU
		{0CD6BC3C-B15D-4098-AF63-6A9A07290CF7}.Release|Any CPU.Build.0 = Release|Any CPU
		{42FD4963-E248-4238-8471-E9C773CC7990}.Debug|Any CPU.ActiveCfg = Debug|Any CPU
		{42FD4963-E248-4238-8471-E9C773CC7990}.Debug|Any CPU.Build.0 = Debug|Any CPU
		{42FD4963-E248-4238-8471-E9C773CC7990}.Release|Any CPU.ActiveCfg = Release|Any CPU
		{42FD4963-E248-4238-8471-E9C773CC7990}.Release|Any CPU.Build.0 = Release|Any CPU
	EndGlobalSection
	GlobalSection(SolutionProperties) = preSolution
		HideSolutionNode = FALSE
	EndGlobalSection
	GlobalSection(ExtensibilityGlobals) = postSolution
		SolutionGuid = {058584BF-B78F-4EF6-B1F5-1CBB2597FD52}
	EndGlobalSection
EndGlobal
